// !$*UTF8*$!
{
	archiveVersion = 1;
	classes = {
	};
	objectVersion = 46;
	objects = {

/* Begin PBXAggregateTarget section */
		24416B8111C4CA220047AFDD /* Build & Test */ = {
			isa = PBXAggregateTarget;
			buildConfigurationList = 24416B8A11C4CA520047AFDD /* Build configuration list for PBXAggregateTarget "Build & Test" */;
			buildPhases = (
				24416B8011C4CA220047AFDD /* ShellScript */,
			);
			dependencies = (
				24416B8511C4CA280047AFDD /* PBXTargetDependency */,
			);
			name = "Build & Test";
			productName = "Build & test";
		};
/* End PBXAggregateTarget section */

/* Begin PBXBuildFile section */
		24DD6CF91134B3F500162E58 /* ComBfTiMediaPickerModule.h in Headers */ = {isa = PBXBuildFile; fileRef = 24DD6CF71134B3F500162E58 /* ComBfTiMediaPickerModule.h */; };
		24DD6CFA1134B3F500162E58 /* ComBfTiMediaPickerModule.m in Sources */ = {isa = PBXBuildFile; fileRef = 24DD6CF81134B3F500162E58 /* ComBfTiMediaPickerModule.m */; };
		24DE9E1111C5FE74003F90F6 /* ComBfTiMediaPickerModuleAssets.h in Headers */ = {isa = PBXBuildFile; fileRef = 24DE9E0F11C5FE74003F90F6 /* ComBfTiMediaPickerModuleAssets.h */; };
		24DE9E1211C5FE74003F90F6 /* ComBfTiMediaPickerModuleAssets.m in Sources */ = {isa = PBXBuildFile; fileRef = 24DE9E1011C5FE74003F90F6 /* ComBfTiMediaPickerModuleAssets.m */; };
		AA747D9F0F9514B9006C5449 /* ComBfTiMediaPicker_Prefix.pch in Headers */ = {isa = PBXBuildFile; fileRef = AA747D9E0F9514B9006C5449 /* ComBfTiMediaPicker_Prefix.pch */; };
		AACBBE4A0F95108600F1A2B1 /* Foundation.framework in Frameworks */ = {isa = PBXBuildFile; fileRef = AACBBE490F95108600F1A2B1 /* Foundation.framework */; };
		E1AD98FE1D588D87001D983F /* CTAssetsPageViewController+Internal.h in Headers */ = {isa = PBXBuildFile; fileRef = E1AD98B91D588D87001D983F /* CTAssetsPageViewController+Internal.h */; };
		E1AD98FF1D588D87001D983F /* CTAssetsPickerController+Internal.h in Headers */ = {isa = PBXBuildFile; fileRef = E1AD98BA1D588D87001D983F /* CTAssetsPickerController+Internal.h */; };
		E1AD99001D588D87001D983F /* NSBundle+CTAssetsPickerController.h in Headers */ = {isa = PBXBuildFile; fileRef = E1AD98BB1D588D87001D983F /* NSBundle+CTAssetsPickerController.h */; };
		E1AD99011D588D87001D983F /* NSBundle+CTAssetsPickerController.m in Sources */ = {isa = PBXBuildFile; fileRef = E1AD98BC1D588D87001D983F /* NSBundle+CTAssetsPickerController.m */; };
		E1AD99021D588D87001D983F /* NSDateFormatter+CTAssetsPickerController.h in Headers */ = {isa = PBXBuildFile; fileRef = E1AD98BD1D588D87001D983F /* NSDateFormatter+CTAssetsPickerController.h */; };
		E1AD99031D588D87001D983F /* NSDateFormatter+CTAssetsPickerController.m in Sources */ = {isa = PBXBuildFile; fileRef = E1AD98BE1D588D87001D983F /* NSDateFormatter+CTAssetsPickerController.m */; };
		E1AD99041D588D87001D983F /* NSIndexSet+CTAssetsPickerController.h in Headers */ = {isa = PBXBuildFile; fileRef = E1AD98BF1D588D87001D983F /* NSIndexSet+CTAssetsPickerController.h */; };
		E1AD99051D588D87001D983F /* NSIndexSet+CTAssetsPickerController.m in Sources */ = {isa = PBXBuildFile; fileRef = E1AD98C01D588D87001D983F /* NSIndexSet+CTAssetsPickerController.m */; };
		E1AD99061D588D87001D983F /* NSNumberFormatter+CTAssetsPickerController.h in Headers */ = {isa = PBXBuildFile; fileRef = E1AD98C11D588D87001D983F /* NSNumberFormatter+CTAssetsPickerController.h */; };
		E1AD99071D588D87001D983F /* NSNumberFormatter+CTAssetsPickerController.m in Sources */ = {isa = PBXBuildFile; fileRef = E1AD98C21D588D87001D983F /* NSNumberFormatter+CTAssetsPickerController.m */; };
		E1AD99081D588D87001D983F /* PHAsset+CTAssetsPickerController.h in Headers */ = {isa = PBXBuildFile; fileRef = E1AD98C31D588D87001D983F /* PHAsset+CTAssetsPickerController.h */; };
		E1AD99091D588D87001D983F /* PHAsset+CTAssetsPickerController.m in Sources */ = {isa = PBXBuildFile; fileRef = E1AD98C41D588D87001D983F /* PHAsset+CTAssetsPickerController.m */; };
		E1AD990A1D588D87001D983F /* PHAssetCollection+CTAssetsPickerController.h in Headers */ = {isa = PBXBuildFile; fileRef = E1AD98C51D588D87001D983F /* PHAssetCollection+CTAssetsPickerController.h */; };
		E1AD990B1D588D87001D983F /* PHAssetCollection+CTAssetsPickerController.m in Sources */ = {isa = PBXBuildFile; fileRef = E1AD98C61D588D87001D983F /* PHAssetCollection+CTAssetsPickerController.m */; };
		E1AD990C1D588D87001D983F /* PHImageManager+CTAssetsPickerController.h in Headers */ = {isa = PBXBuildFile; fileRef = E1AD98C71D588D87001D983F /* PHImageManager+CTAssetsPickerController.h */; };
		E1AD990D1D588D87001D983F /* PHImageManager+CTAssetsPickerController.m in Sources */ = {isa = PBXBuildFile; fileRef = E1AD98C81D588D87001D983F /* PHImageManager+CTAssetsPickerController.m */; };
		E1AD990E1D588D87001D983F /* UICollectionView+CTAssetsPickerController.h in Headers */ = {isa = PBXBuildFile; fileRef = E1AD98C91D588D87001D983F /* UICollectionView+CTAssetsPickerController.h */; };
		E1AD990F1D588D87001D983F /* UICollectionView+CTAssetsPickerController.m in Sources */ = {isa = PBXBuildFile; fileRef = E1AD98CA1D588D87001D983F /* UICollectionView+CTAssetsPickerController.m */; };
		E1AD99101D588D87001D983F /* UIImage+CTAssetsPickerController.h in Headers */ = {isa = PBXBuildFile; fileRef = E1AD98CB1D588D87001D983F /* UIImage+CTAssetsPickerController.h */; };
		E1AD99111D588D87001D983F /* UIImage+CTAssetsPickerController.m in Sources */ = {isa = PBXBuildFile; fileRef = E1AD98CC1D588D87001D983F /* UIImage+CTAssetsPickerController.m */; };
		E1AD99121D588D87001D983F /* CTAssetCheckmark.h in Headers */ = {isa = PBXBuildFile; fileRef = E1AD98CD1D588D87001D983F /* CTAssetCheckmark.h */; };
		E1AD99131D588D87001D983F /* CTAssetCheckmark.m in Sources */ = {isa = PBXBuildFile; fileRef = E1AD98CE1D588D87001D983F /* CTAssetCheckmark.m */; };
		E1AD99141D588D87001D983F /* CTAssetCollectionViewCell.h in Headers */ = {isa = PBXBuildFile; fileRef = E1AD98CF1D588D87001D983F /* CTAssetCollectionViewCell.h */; };
		E1AD99151D588D87001D983F /* CTAssetCollectionViewCell.m in Sources */ = {isa = PBXBuildFile; fileRef = E1AD98D01D588D87001D983F /* CTAssetCollectionViewCell.m */; };
		E1AD99161D588D87001D983F /* CTAssetCollectionViewController.h in Headers */ = {isa = PBXBuildFile; fileRef = E1AD98D11D588D87001D983F /* CTAssetCollectionViewController.h */; };
		E1AD99171D588D87001D983F /* CTAssetCollectionViewController.m in Sources */ = {isa = PBXBuildFile; fileRef = E1AD98D21D588D87001D983F /* CTAssetCollectionViewController.m */; };
		E1AD99181D588D87001D983F /* CTAssetItemViewController.h in Headers */ = {isa = PBXBuildFile; fileRef = E1AD98D31D588D87001D983F /* CTAssetItemViewController.h */; };
		E1AD99191D588D87001D983F /* CTAssetItemViewController.m in Sources */ = {isa = PBXBuildFile; fileRef = E1AD98D41D588D87001D983F /* CTAssetItemViewController.m */; };
		E1AD991A1D588D87001D983F /* CTAssetPlayButton.h in Headers */ = {isa = PBXBuildFile; fileRef = E1AD98D51D588D87001D983F /* CTAssetPlayButton.h */; };
		E1AD991B1D588D87001D983F /* CTAssetPlayButton.m in Sources */ = {isa = PBXBuildFile; fileRef = E1AD98D61D588D87001D983F /* CTAssetPlayButton.m */; };
		E1AD991C1D588D87001D983F /* CTAssetScrollView.h in Headers */ = {isa = PBXBuildFile; fileRef = E1AD98D71D588D87001D983F /* CTAssetScrollView.h */; };
		E1AD991D1D588D87001D983F /* CTAssetScrollView.m in Sources */ = {isa = PBXBuildFile; fileRef = E1AD98D81D588D87001D983F /* CTAssetScrollView.m */; };
		E1AD991E1D588D87001D983F /* CTAssetSelectionButton.h in Headers */ = {isa = PBXBuildFile; fileRef = E1AD98D91D588D87001D983F /* CTAssetSelectionButton.h */; };
		E1AD991F1D588D87001D983F /* CTAssetSelectionButton.m in Sources */ = {isa = PBXBuildFile; fileRef = E1AD98DA1D588D87001D983F /* CTAssetSelectionButton.m */; };
		E1AD99201D588D87001D983F /* CTAssetSelectionLabel.h in Headers */ = {isa = PBXBuildFile; fileRef = E1AD98DB1D588D87001D983F /* CTAssetSelectionLabel.h */; };
		E1AD99211D588D87001D983F /* CTAssetSelectionLabel.m in Sources */ = {isa = PBXBuildFile; fileRef = E1AD98DC1D588D87001D983F /* CTAssetSelectionLabel.m */; };
		E1AD99221D588D87001D983F /* CTAssetsGridSelectedView.h in Headers */ = {isa = PBXBuildFile; fileRef = E1AD98DD1D588D87001D983F /* CTAssetsGridSelectedView.h */; };
		E1AD99231D588D87001D983F /* CTAssetsGridSelectedView.m in Sources */ = {isa = PBXBuildFile; fileRef = E1AD98DE1D588D87001D983F /* CTAssetsGridSelectedView.m */; };
		E1AD99241D588D87001D983F /* CTAssetsGridView.h in Headers */ = {isa = PBXBuildFile; fileRef = E1AD98DF1D588D87001D983F /* CTAssetsGridView.h */; };
		E1AD99251D588D87001D983F /* CTAssetsGridView.m in Sources */ = {isa = PBXBuildFile; fileRef = E1AD98E01D588D87001D983F /* CTAssetsGridView.m */; };
		E1AD99261D588D87001D983F /* CTAssetsGridViewCell.h in Headers */ = {isa = PBXBuildFile; fileRef = E1AD98E11D588D87001D983F /* CTAssetsGridViewCell.h */; };
		E1AD99271D588D87001D983F /* CTAssetsGridViewCell.m in Sources */ = {isa = PBXBuildFile; fileRef = E1AD98E21D588D87001D983F /* CTAssetsGridViewCell.m */; };
		E1AD99281D588D87001D983F /* CTAssetsGridViewController.h in Headers */ = {isa = PBXBuildFile; fileRef = E1AD98E31D588D87001D983F /* CTAssetsGridViewController.h */; };
		E1AD99291D588D87001D983F /* CTAssetsGridViewController.m in Sources */ = {isa = PBXBuildFile; fileRef = E1AD98E41D588D87001D983F /* CTAssetsGridViewController.m */; };
		E1AD992A1D588D87001D983F /* CTAssetsGridViewFooter.h in Headers */ = {isa = PBXBuildFile; fileRef = E1AD98E51D588D87001D983F /* CTAssetsGridViewFooter.h */; };
		E1AD992B1D588D87001D983F /* CTAssetsGridViewFooter.m in Sources */ = {isa = PBXBuildFile; fileRef = E1AD98E61D588D87001D983F /* CTAssetsGridViewFooter.m */; };
		E1AD992C1D588D87001D983F /* CTAssetsGridViewLayout.h in Headers */ = {isa = PBXBuildFile; fileRef = E1AD98E71D588D87001D983F /* CTAssetsGridViewLayout.h */; };
		E1AD992D1D588D87001D983F /* CTAssetsGridViewLayout.m in Sources */ = {isa = PBXBuildFile; fileRef = E1AD98E81D588D87001D983F /* CTAssetsGridViewLayout.m */; };
		E1AD992E1D588D87001D983F /* CTAssetsNavigationController.h in Headers */ = {isa = PBXBuildFile; fileRef = E1AD98E91D588D87001D983F /* CTAssetsNavigationController.h */; };
		E1AD992F1D588D87001D983F /* CTAssetsNavigationController.m in Sources */ = {isa = PBXBuildFile; fileRef = E1AD98EA1D588D87001D983F /* CTAssetsNavigationController.m */; };
		E1AD99301D588D87001D983F /* CTAssetsPageView.h in Headers */ = {isa = PBXBuildFile; fileRef = E1AD98EB1D588D87001D983F /* CTAssetsPageView.h */; };
		E1AD99311D588D87001D983F /* CTAssetsPageView.m in Sources */ = {isa = PBXBuildFile; fileRef = E1AD98EC1D588D87001D983F /* CTAssetsPageView.m */; };
		E1AD99321D588D87001D983F /* CTAssetsPageViewController.h in Headers */ = {isa = PBXBuildFile; fileRef = E1AD98ED1D588D87001D983F /* CTAssetsPageViewController.h */; };
		E1AD99331D588D87001D983F /* CTAssetsPageViewController.m in Sources */ = {isa = PBXBuildFile; fileRef = E1AD98EE1D588D87001D983F /* CTAssetsPageViewController.m */; };
		E1AD99341D588D87001D983F /* CTAssetsPickerAccessDeniedView.h in Headers */ = {isa = PBXBuildFile; fileRef = E1AD98EF1D588D87001D983F /* CTAssetsPickerAccessDeniedView.h */; };
		E1AD99351D588D87001D983F /* CTAssetsPickerAccessDeniedView.m in Sources */ = {isa = PBXBuildFile; fileRef = E1AD98F01D588D87001D983F /* CTAssetsPickerAccessDeniedView.m */; };
		E1AD99361D588D87001D983F /* CTAssetsPickerController.h in Headers */ = {isa = PBXBuildFile; fileRef = E1AD98F11D588D87001D983F /* CTAssetsPickerController.h */; };
		E1AD99371D588D87001D983F /* CTAssetsPickerController.m in Sources */ = {isa = PBXBuildFile; fileRef = E1AD98F21D588D87001D983F /* CTAssetsPickerController.m */; };
		E1AD99381D588D87001D983F /* CTAssetsPickerDefines.h in Headers */ = {isa = PBXBuildFile; fileRef = E1AD98F31D588D87001D983F /* CTAssetsPickerDefines.h */; };
		E1AD99391D588D87001D983F /* CTAssetsPickerNoAssetsView.h in Headers */ = {isa = PBXBuildFile; fileRef = E1AD98F41D588D87001D983F /* CTAssetsPickerNoAssetsView.h */; };
		E1AD993A1D588D87001D983F /* CTAssetsPickerNoAssetsView.m in Sources */ = {isa = PBXBuildFile; fileRef = E1AD98F51D588D87001D983F /* CTAssetsPickerNoAssetsView.m */; };
		E1AD993B1D588D87001D983F /* CTAssetsViewControllerTransition.h in Headers */ = {isa = PBXBuildFile; fileRef = E1AD98F61D588D87001D983F /* CTAssetsViewControllerTransition.h */; };
		E1AD993C1D588D87001D983F /* CTAssetsViewControllerTransition.m in Sources */ = {isa = PBXBuildFile; fileRef = E1AD98F71D588D87001D983F /* CTAssetsViewControllerTransition.m */; };
		E1AD993D1D588D87001D983F /* CTAssetThumbnailOverlay.h in Headers */ = {isa = PBXBuildFile; fileRef = E1AD98F81D588D87001D983F /* CTAssetThumbnailOverlay.h */; };
		E1AD993E1D588D87001D983F /* CTAssetThumbnailOverlay.m in Sources */ = {isa = PBXBuildFile; fileRef = E1AD98F91D588D87001D983F /* CTAssetThumbnailOverlay.m */; };
		E1AD993F1D588D87001D983F /* CTAssetThumbnailStacks.h in Headers */ = {isa = PBXBuildFile; fileRef = E1AD98FA1D588D87001D983F /* CTAssetThumbnailStacks.h */; };
		E1AD99401D588D87001D983F /* CTAssetThumbnailStacks.m in Sources */ = {isa = PBXBuildFile; fileRef = E1AD98FB1D588D87001D983F /* CTAssetThumbnailStacks.m */; };
		E1AD99411D588D87001D983F /* CTAssetThumbnailView.h in Headers */ = {isa = PBXBuildFile; fileRef = E1AD98FC1D588D87001D983F /* CTAssetThumbnailView.h */; };
		E1AD99421D588D87001D983F /* CTAssetThumbnailView.m in Sources */ = {isa = PBXBuildFile; fileRef = E1AD98FD1D588D87001D983F /* CTAssetThumbnailView.m */; };
		E1AD994D1D588DAA001D983F /* ALView+PureLayout.h in Headers */ = {isa = PBXBuildFile; fileRef = E1AD99441D588DAA001D983F /* ALView+PureLayout.h */; };
		E1AD994E1D588DAA001D983F /* ALView+PureLayout.m in Sources */ = {isa = PBXBuildFile; fileRef = E1AD99451D588DAA001D983F /* ALView+PureLayout.m */; };
		E1AD994F1D588DAA001D983F /* NSArray+PureLayout.h in Headers */ = {isa = PBXBuildFile; fileRef = E1AD99461D588DAA001D983F /* NSArray+PureLayout.h */; };
		E1AD99501D588DAA001D983F /* NSArray+PureLayout.m in Sources */ = {isa = PBXBuildFile; fileRef = E1AD99471D588DAA001D983F /* NSArray+PureLayout.m */; };
		E1AD99511D588DAA001D983F /* NSLayoutConstraint+PureLayout.h in Headers */ = {isa = PBXBuildFile; fileRef = E1AD99481D588DAA001D983F /* NSLayoutConstraint+PureLayout.h */; };
		E1AD99521D588DAA001D983F /* NSLayoutConstraint+PureLayout.m in Sources */ = {isa = PBXBuildFile; fileRef = E1AD99491D588DAA001D983F /* NSLayoutConstraint+PureLayout.m */; };
		E1AD99531D588DAA001D983F /* PureLayout+Internal.h in Headers */ = {isa = PBXBuildFile; fileRef = E1AD994A1D588DAA001D983F /* PureLayout+Internal.h */; };
		E1AD99541D588DAA001D983F /* PureLayout.h in Headers */ = {isa = PBXBuildFile; fileRef = E1AD994B1D588DAA001D983F /* PureLayout.h */; };
		E1AD99551D588DAA001D983F /* PureLayoutDefines.h in Headers */ = {isa = PBXBuildFile; fileRef = E1AD994C1D588DAA001D983F /* PureLayoutDefines.h */; };
/* End PBXBuildFile section */

/* Begin PBXContainerItemProxy section */
		24416B8411C4CA280047AFDD /* PBXContainerItemProxy */ = {
			isa = PBXContainerItemProxy;
			containerPortal = 0867D690FE84028FC02AAC07 /* Project object */;
			proxyType = 1;
			remoteGlobalIDString = D2AAC07D0554694100DB518D;
			remoteInfo = TiMediaPicker;
		};
/* End PBXContainerItemProxy section */

/* Begin PBXFileReference section */
		24DD6CF71134B3F500162E58 /* ComBfTiMediaPickerModule.h */ = {isa = PBXFileReference; fileEncoding = 4; lastKnownFileType = sourcecode.c.h; name = ComBfTiMediaPickerModule.h; path = Classes/ComBfTiMediaPickerModule.h; sourceTree = "<group>"; };
		24DD6CF81134B3F500162E58 /* ComBfTiMediaPickerModule.m */ = {isa = PBXFileReference; fileEncoding = 4; lastKnownFileType = sourcecode.c.objc; name = ComBfTiMediaPickerModule.m; path = Classes/ComBfTiMediaPickerModule.m; sourceTree = "<group>"; };
		24DD6D1B1134B66800162E58 /* titanium.xcconfig */ = {isa = PBXFileReference; fileEncoding = 4; lastKnownFileType = text.xcconfig; path = titanium.xcconfig; sourceTree = "<group>"; };
		24DE9E0F11C5FE74003F90F6 /* ComBfTiMediaPickerModuleAssets.h */ = {isa = PBXFileReference; fileEncoding = 4; lastKnownFileType = sourcecode.c.h; name = ComBfTiMediaPickerModuleAssets.h; path = Classes/ComBfTiMediaPickerModuleAssets.h; sourceTree = "<group>"; };
		24DE9E1011C5FE74003F90F6 /* ComBfTiMediaPickerModuleAssets.m */ = {isa = PBXFileReference; fileEncoding = 4; lastKnownFileType = sourcecode.c.objc; name = ComBfTiMediaPickerModuleAssets.m; path = Classes/ComBfTiMediaPickerModuleAssets.m; sourceTree = "<group>"; };
		AA747D9E0F9514B9006C5449 /* ComBfTiMediaPicker_Prefix.pch */ = {isa = PBXFileReference; fileEncoding = 4; lastKnownFileType = sourcecode.c.h; path = ComBfTiMediaPicker_Prefix.pch; sourceTree = SOURCE_ROOT; };
		AACBBE490F95108600F1A2B1 /* Foundation.framework */ = {isa = PBXFileReference; lastKnownFileType = wrapper.framework; name = Foundation.framework; path = System/Library/Frameworks/Foundation.framework; sourceTree = SDKROOT; };
		D2AAC07E0554694100DB518D /* libComBfTiMediaPicker.a */ = {isa = PBXFileReference; explicitFileType = archive.ar; includeInIndex = 0; path = libComBfTiMediaPicker.a; sourceTree = BUILT_PRODUCTS_DIR; };
		E1AD98B91D588D87001D983F /* CTAssetsPageViewController+Internal.h */ = {isa = PBXFileReference; fileEncoding = 4; lastKnownFileType = sourcecode.c.h; path = "CTAssetsPageViewController+Internal.h"; sourceTree = "<group>"; };
		E1AD98BA1D588D87001D983F /* CTAssetsPickerController+Internal.h */ = {isa = PBXFileReference; fileEncoding = 4; lastKnownFileType = sourcecode.c.h; path = "CTAssetsPickerController+Internal.h"; sourceTree = "<group>"; };
		E1AD98BB1D588D87001D983F /* NSBundle+CTAssetsPickerController.h */ = {isa = PBXFileReference; fileEncoding = 4; lastKnownFileType = sourcecode.c.h; path = "NSBundle+CTAssetsPickerController.h"; sourceTree = "<group>"; };
		E1AD98BC1D588D87001D983F /* NSBundle+CTAssetsPickerController.m */ = {isa = PBXFileReference; fileEncoding = 4; lastKnownFileType = sourcecode.c.objc; path = "NSBundle+CTAssetsPickerController.m"; sourceTree = "<group>"; };
		E1AD98BD1D588D87001D983F /* NSDateFormatter+CTAssetsPickerController.h */ = {isa = PBXFileReference; fileEncoding = 4; lastKnownFileType = sourcecode.c.h; path = "NSDateFormatter+CTAssetsPickerController.h"; sourceTree = "<group>"; };
		E1AD98BE1D588D87001D983F /* NSDateFormatter+CTAssetsPickerController.m */ = {isa = PBXFileReference; fileEncoding = 4; lastKnownFileType = sourcecode.c.objc; path = "NSDateFormatter+CTAssetsPickerController.m"; sourceTree = "<group>"; };
		E1AD98BF1D588D87001D983F /* NSIndexSet+CTAssetsPickerController.h */ = {isa = PBXFileReference; fileEncoding = 4; lastKnownFileType = sourcecode.c.h; path = "NSIndexSet+CTAssetsPickerController.h"; sourceTree = "<group>"; };
		E1AD98C01D588D87001D983F /* NSIndexSet+CTAssetsPickerController.m */ = {isa = PBXFileReference; fileEncoding = 4; lastKnownFileType = sourcecode.c.objc; path = "NSIndexSet+CTAssetsPickerController.m"; sourceTree = "<group>"; };
		E1AD98C11D588D87001D983F /* NSNumberFormatter+CTAssetsPickerController.h */ = {isa = PBXFileReference; fileEncoding = 4; lastKnownFileType = sourcecode.c.h; path = "NSNumberFormatter+CTAssetsPickerController.h"; sourceTree = "<group>"; };
		E1AD98C21D588D87001D983F /* NSNumberFormatter+CTAssetsPickerController.m */ = {isa = PBXFileReference; fileEncoding = 4; lastKnownFileType = sourcecode.c.objc; path = "NSNumberFormatter+CTAssetsPickerController.m"; sourceTree = "<group>"; };
		E1AD98C31D588D87001D983F /* PHAsset+CTAssetsPickerController.h */ = {isa = PBXFileReference; fileEncoding = 4; lastKnownFileType = sourcecode.c.h; path = "PHAsset+CTAssetsPickerController.h"; sourceTree = "<group>"; };
		E1AD98C41D588D87001D983F /* PHAsset+CTAssetsPickerController.m */ = {isa = PBXFileReference; fileEncoding = 4; lastKnownFileType = sourcecode.c.objc; path = "PHAsset+CTAssetsPickerController.m"; sourceTree = "<group>"; };
		E1AD98C51D588D87001D983F /* PHAssetCollection+CTAssetsPickerController.h */ = {isa = PBXFileReference; fileEncoding = 4; lastKnownFileType = sourcecode.c.h; path = "PHAssetCollection+CTAssetsPickerController.h"; sourceTree = "<group>"; };
		E1AD98C61D588D87001D983F /* PHAssetCollection+CTAssetsPickerController.m */ = {isa = PBXFileReference; fileEncoding = 4; lastKnownFileType = sourcecode.c.objc; path = "PHAssetCollection+CTAssetsPickerController.m"; sourceTree = "<group>"; };
		E1AD98C71D588D87001D983F /* PHImageManager+CTAssetsPickerController.h */ = {isa = PBXFileReference; fileEncoding = 4; lastKnownFileType = sourcecode.c.h; path = "PHImageManager+CTAssetsPickerController.h"; sourceTree = "<group>"; };
		E1AD98C81D588D87001D983F /* PHImageManager+CTAssetsPickerController.m */ = {isa = PBXFileReference; fileEncoding = 4; lastKnownFileType = sourcecode.c.objc; path = "PHImageManager+CTAssetsPickerController.m"; sourceTree = "<group>"; };
		E1AD98C91D588D87001D983F /* UICollectionView+CTAssetsPickerController.h */ = {isa = PBXFileReference; fileEncoding = 4; lastKnownFileType = sourcecode.c.h; path = "UICollectionView+CTAssetsPickerController.h"; sourceTree = "<group>"; };
		E1AD98CA1D588D87001D983F /* UICollectionView+CTAssetsPickerController.m */ = {isa = PBXFileReference; fileEncoding = 4; lastKnownFileType = sourcecode.c.objc; path = "UICollectionView+CTAssetsPickerController.m"; sourceTree = "<group>"; };
		E1AD98CB1D588D87001D983F /* UIImage+CTAssetsPickerController.h */ = {isa = PBXFileReference; fileEncoding = 4; lastKnownFileType = sourcecode.c.h; path = "UIImage+CTAssetsPickerController.h"; sourceTree = "<group>"; };
		E1AD98CC1D588D87001D983F /* UIImage+CTAssetsPickerController.m */ = {isa = PBXFileReference; fileEncoding = 4; lastKnownFileType = sourcecode.c.objc; path = "UIImage+CTAssetsPickerController.m"; sourceTree = "<group>"; };
		E1AD98CD1D588D87001D983F /* CTAssetCheckmark.h */ = {isa = PBXFileReference; fileEncoding = 4; lastKnownFileType = sourcecode.c.h; path = CTAssetCheckmark.h; sourceTree = "<group>"; };
		E1AD98CE1D588D87001D983F /* CTAssetCheckmark.m */ = {isa = PBXFileReference; fileEncoding = 4; lastKnownFileType = sourcecode.c.objc; path = CTAssetCheckmark.m; sourceTree = "<group>"; };
		E1AD98CF1D588D87001D983F /* CTAssetCollectionViewCell.h */ = {isa = PBXFileReference; fileEncoding = 4; lastKnownFileType = sourcecode.c.h; path = CTAssetCollectionViewCell.h; sourceTree = "<group>"; };
		E1AD98D01D588D87001D983F /* CTAssetCollectionViewCell.m */ = {isa = PBXFileReference; fileEncoding = 4; lastKnownFileType = sourcecode.c.objc; path = CTAssetCollectionViewCell.m; sourceTree = "<group>"; };
		E1AD98D11D588D87001D983F /* CTAssetCollectionViewController.h */ = {isa = PBXFileReference; fileEncoding = 4; lastKnownFileType = sourcecode.c.h; path = CTAssetCollectionViewController.h; sourceTree = "<group>"; };
		E1AD98D21D588D87001D983F /* CTAssetCollectionViewController.m */ = {isa = PBXFileReference; fileEncoding = 4; lastKnownFileType = sourcecode.c.objc; path = CTAssetCollectionViewController.m; sourceTree = "<group>"; };
		E1AD98D31D588D87001D983F /* CTAssetItemViewController.h */ = {isa = PBXFileReference; fileEncoding = 4; lastKnownFileType = sourcecode.c.h; path = CTAssetItemViewController.h; sourceTree = "<group>"; };
		E1AD98D41D588D87001D983F /* CTAssetItemViewController.m */ = {isa = PBXFileReference; fileEncoding = 4; lastKnownFileType = sourcecode.c.objc; path = CTAssetItemViewController.m; sourceTree = "<group>"; };
		E1AD98D51D588D87001D983F /* CTAssetPlayButton.h */ = {isa = PBXFileReference; fileEncoding = 4; lastKnownFileType = sourcecode.c.h; path = CTAssetPlayButton.h; sourceTree = "<group>"; };
		E1AD98D61D588D87001D983F /* CTAssetPlayButton.m */ = {isa = PBXFileReference; fileEncoding = 4; lastKnownFileType = sourcecode.c.objc; path = CTAssetPlayButton.m; sourceTree = "<group>"; };
		E1AD98D71D588D87001D983F /* CTAssetScrollView.h */ = {isa = PBXFileReference; fileEncoding = 4; lastKnownFileType = sourcecode.c.h; path = CTAssetScrollView.h; sourceTree = "<group>"; };
		E1AD98D81D588D87001D983F /* CTAssetScrollView.m */ = {isa = PBXFileReference; fileEncoding = 4; lastKnownFileType = sourcecode.c.objc; path = CTAssetScrollView.m; sourceTree = "<group>"; };
		E1AD98D91D588D87001D983F /* CTAssetSelectionButton.h */ = {isa = PBXFileReference; fileEncoding = 4; lastKnownFileType = sourcecode.c.h; path = CTAssetSelectionButton.h; sourceTree = "<group>"; };
		E1AD98DA1D588D87001D983F /* CTAssetSelectionButton.m */ = {isa = PBXFileReference; fileEncoding = 4; lastKnownFileType = sourcecode.c.objc; path = CTAssetSelectionButton.m; sourceTree = "<group>"; };
		E1AD98DB1D588D87001D983F /* CTAssetSelectionLabel.h */ = {isa = PBXFileReference; fileEncoding = 4; lastKnownFileType = sourcecode.c.h; path = CTAssetSelectionLabel.h; sourceTree = "<group>"; };
		E1AD98DC1D588D87001D983F /* CTAssetSelectionLabel.m */ = {isa = PBXFileReference; fileEncoding = 4; lastKnownFileType = sourcecode.c.objc; path = CTAssetSelectionLabel.m; sourceTree = "<group>"; };
		E1AD98DD1D588D87001D983F /* CTAssetsGridSelectedView.h */ = {isa = PBXFileReference; fileEncoding = 4; lastKnownFileType = sourcecode.c.h; path = CTAssetsGridSelectedView.h; sourceTree = "<group>"; };
		E1AD98DE1D588D87001D983F /* CTAssetsGridSelectedView.m */ = {isa = PBXFileReference; fileEncoding = 4; lastKnownFileType = sourcecode.c.objc; path = CTAssetsGridSelectedView.m; sourceTree = "<group>"; };
		E1AD98DF1D588D87001D983F /* CTAssetsGridView.h */ = {isa = PBXFileReference; fileEncoding = 4; lastKnownFileType = sourcecode.c.h; path = CTAssetsGridView.h; sourceTree = "<group>"; };
		E1AD98E01D588D87001D983F /* CTAssetsGridView.m */ = {isa = PBXFileReference; fileEncoding = 4; lastKnownFileType = sourcecode.c.objc; path = CTAssetsGridView.m; sourceTree = "<group>"; };
		E1AD98E11D588D87001D983F /* CTAssetsGridViewCell.h */ = {isa = PBXFileReference; fileEncoding = 4; lastKnownFileType = sourcecode.c.h; path = CTAssetsGridViewCell.h; sourceTree = "<group>"; };
		E1AD98E21D588D87001D983F /* CTAssetsGridViewCell.m */ = {isa = PBXFileReference; fileEncoding = 4; lastKnownFileType = sourcecode.c.objc; path = CTAssetsGridViewCell.m; sourceTree = "<group>"; };
		E1AD98E31D588D87001D983F /* CTAssetsGridViewController.h */ = {isa = PBXFileReference; fileEncoding = 4; lastKnownFileType = sourcecode.c.h; path = CTAssetsGridViewController.h; sourceTree = "<group>"; };
		E1AD98E41D588D87001D983F /* CTAssetsGridViewController.m */ = {isa = PBXFileReference; fileEncoding = 4; lastKnownFileType = sourcecode.c.objc; path = CTAssetsGridViewController.m; sourceTree = "<group>"; };
		E1AD98E51D588D87001D983F /* CTAssetsGridViewFooter.h */ = {isa = PBXFileReference; fileEncoding = 4; lastKnownFileType = sourcecode.c.h; path = CTAssetsGridViewFooter.h; sourceTree = "<group>"; };
		E1AD98E61D588D87001D983F /* CTAssetsGridViewFooter.m */ = {isa = PBXFileReference; fileEncoding = 4; lastKnownFileType = sourcecode.c.objc; path = CTAssetsGridViewFooter.m; sourceTree = "<group>"; };
		E1AD98E71D588D87001D983F /* CTAssetsGridViewLayout.h */ = {isa = PBXFileReference; fileEncoding = 4; lastKnownFileType = sourcecode.c.h; path = CTAssetsGridViewLayout.h; sourceTree = "<group>"; };
		E1AD98E81D588D87001D983F /* CTAssetsGridViewLayout.m */ = {isa = PBXFileReference; fileEncoding = 4; lastKnownFileType = sourcecode.c.objc; path = CTAssetsGridViewLayout.m; sourceTree = "<group>"; };
		E1AD98E91D588D87001D983F /* CTAssetsNavigationController.h */ = {isa = PBXFileReference; fileEncoding = 4; lastKnownFileType = sourcecode.c.h; path = CTAssetsNavigationController.h; sourceTree = "<group>"; };
		E1AD98EA1D588D87001D983F /* CTAssetsNavigationController.m */ = {isa = PBXFileReference; fileEncoding = 4; lastKnownFileType = sourcecode.c.objc; path = CTAssetsNavigationController.m; sourceTree = "<group>"; };
		E1AD98EB1D588D87001D983F /* CTAssetsPageView.h */ = {isa = PBXFileReference; fileEncoding = 4; lastKnownFileType = sourcecode.c.h; path = CTAssetsPageView.h; sourceTree = "<group>"; };
		E1AD98EC1D588D87001D983F /* CTAssetsPageView.m */ = {isa = PBXFileReference; fileEncoding = 4; lastKnownFileType = sourcecode.c.objc; path = CTAssetsPageView.m; sourceTree = "<group>"; };
		E1AD98ED1D588D87001D983F /* CTAssetsPageViewController.h */ = {isa = PBXFileReference; fileEncoding = 4; lastKnownFileType = sourcecode.c.h; path = CTAssetsPageViewController.h; sourceTree = "<group>"; };
		E1AD98EE1D588D87001D983F /* CTAssetsPageViewController.m */ = {isa = PBXFileReference; fileEncoding = 4; lastKnownFileType = sourcecode.c.objc; path = CTAssetsPageViewController.m; sourceTree = "<group>"; };
		E1AD98EF1D588D87001D983F /* CTAssetsPickerAccessDeniedView.h */ = {isa = PBXFileReference; fileEncoding = 4; lastKnownFileType = sourcecode.c.h; path = CTAssetsPickerAccessDeniedView.h; sourceTree = "<group>"; };
		E1AD98F01D588D87001D983F /* CTAssetsPickerAccessDeniedView.m */ = {isa = PBXFileReference; fileEncoding = 4; lastKnownFileType = sourcecode.c.objc; path = CTAssetsPickerAccessDeniedView.m; sourceTree = "<group>"; };
		E1AD98F11D588D87001D983F /* CTAssetsPickerController.h */ = {isa = PBXFileReference; fileEncoding = 4; lastKnownFileType = sourcecode.c.h; path = CTAssetsPickerController.h; sourceTree = "<group>"; };
		E1AD98F21D588D87001D983F /* CTAssetsPickerController.m */ = {isa = PBXFileReference; fileEncoding = 4; lastKnownFileType = sourcecode.c.objc; path = CTAssetsPickerController.m; sourceTree = "<group>"; };
		E1AD98F31D588D87001D983F /* CTAssetsPickerDefines.h */ = {isa = PBXFileReference; fileEncoding = 4; lastKnownFileType = sourcecode.c.h; path = CTAssetsPickerDefines.h; sourceTree = "<group>"; };
		E1AD98F41D588D87001D983F /* CTAssetsPickerNoAssetsView.h */ = {isa = PBXFileReference; fileEncoding = 4; lastKnownFileType = sourcecode.c.h; path = CTAssetsPickerNoAssetsView.h; sourceTree = "<group>"; };
		E1AD98F51D588D87001D983F /* CTAssetsPickerNoAssetsView.m */ = {isa = PBXFileReference; fileEncoding = 4; lastKnownFileType = sourcecode.c.objc; path = CTAssetsPickerNoAssetsView.m; sourceTree = "<group>"; };
		E1AD98F61D588D87001D983F /* CTAssetsViewControllerTransition.h */ = {isa = PBXFileReference; fileEncoding = 4; lastKnownFileType = sourcecode.c.h; path = CTAssetsViewControllerTransition.h; sourceTree = "<group>"; };
		E1AD98F71D588D87001D983F /* CTAssetsViewControllerTransition.m */ = {isa = PBXFileReference; fileEncoding = 4; lastKnownFileType = sourcecode.c.objc; path = CTAssetsViewControllerTransition.m; sourceTree = "<group>"; };
		E1AD98F81D588D87001D983F /* CTAssetThumbnailOverlay.h */ = {isa = PBXFileReference; fileEncoding = 4; lastKnownFileType = sourcecode.c.h; path = CTAssetThumbnailOverlay.h; sourceTree = "<group>"; };
		E1AD98F91D588D87001D983F /* CTAssetThumbnailOverlay.m */ = {isa = PBXFileReference; fileEncoding = 4; lastKnownFileType = sourcecode.c.objc; path = CTAssetThumbnailOverlay.m; sourceTree = "<group>"; };
		E1AD98FA1D588D87001D983F /* CTAssetThumbnailStacks.h */ = {isa = PBXFileReference; fileEncoding = 4; lastKnownFileType = sourcecode.c.h; path = CTAssetThumbnailStacks.h; sourceTree = "<group>"; };
		E1AD98FB1D588D87001D983F /* CTAssetThumbnailStacks.m */ = {isa = PBXFileReference; fileEncoding = 4; lastKnownFileType = sourcecode.c.objc; path = CTAssetThumbnailStacks.m; sourceTree = "<group>"; };
		E1AD98FC1D588D87001D983F /* CTAssetThumbnailView.h */ = {isa = PBXFileReference; fileEncoding = 4; lastKnownFileType = sourcecode.c.h; path = CTAssetThumbnailView.h; sourceTree = "<group>"; };
		E1AD98FD1D588D87001D983F /* CTAssetThumbnailView.m */ = {isa = PBXFileReference; fileEncoding = 4; lastKnownFileType = sourcecode.c.objc; path = CTAssetThumbnailView.m; sourceTree = "<group>"; };
		E1AD99441D588DAA001D983F /* ALView+PureLayout.h */ = {isa = PBXFileReference; fileEncoding = 4; lastKnownFileType = sourcecode.c.h; path = "ALView+PureLayout.h"; sourceTree = "<group>"; };
		E1AD99451D588DAA001D983F /* ALView+PureLayout.m */ = {isa = PBXFileReference; fileEncoding = 4; lastKnownFileType = sourcecode.c.objc; path = "ALView+PureLayout.m"; sourceTree = "<group>"; };
		E1AD99461D588DAA001D983F /* NSArray+PureLayout.h */ = {isa = PBXFileReference; fileEncoding = 4; lastKnownFileType = sourcecode.c.h; path = "NSArray+PureLayout.h"; sourceTree = "<group>"; };
		E1AD99471D588DAA001D983F /* NSArray+PureLayout.m */ = {isa = PBXFileReference; fileEncoding = 4; lastKnownFileType = sourcecode.c.objc; path = "NSArray+PureLayout.m"; sourceTree = "<group>"; };
		E1AD99481D588DAA001D983F /* NSLayoutConstraint+PureLayout.h */ = {isa = PBXFileReference; fileEncoding = 4; lastKnownFileType = sourcecode.c.h; path = "NSLayoutConstraint+PureLayout.h"; sourceTree = "<group>"; };
		E1AD99491D588DAA001D983F /* NSLayoutConstraint+PureLayout.m */ = {isa = PBXFileReference; fileEncoding = 4; lastKnownFileType = sourcecode.c.objc; path = "NSLayoutConstraint+PureLayout.m"; sourceTree = "<group>"; };
		E1AD994A1D588DAA001D983F /* PureLayout+Internal.h */ = {isa = PBXFileReference; fileEncoding = 4; lastKnownFileType = sourcecode.c.h; path = "PureLayout+Internal.h"; sourceTree = "<group>"; };
		E1AD994B1D588DAA001D983F /* PureLayout.h */ = {isa = PBXFileReference; fileEncoding = 4; lastKnownFileType = sourcecode.c.h; path = PureLayout.h; sourceTree = "<group>"; };
		E1AD994C1D588DAA001D983F /* PureLayoutDefines.h */ = {isa = PBXFileReference; fileEncoding = 4; lastKnownFileType = sourcecode.c.h; path = PureLayoutDefines.h; sourceTree = "<group>"; };
/* End PBXFileReference section */

/* Begin PBXFrameworksBuildPhase section */
		D2AAC07C0554694100DB518D /* Frameworks */ = {
			isa = PBXFrameworksBuildPhase;
			buildActionMask = 2147483647;
			files = (
				AACBBE4A0F95108600F1A2B1 /* Foundation.framework in Frameworks */,
			);
			runOnlyForDeploymentPostprocessing = 0;
		};
/* End PBXFrameworksBuildPhase section */

/* Begin PBXGroup section */
		034768DFFF38A50411DB9C8B /* Products */ = {
			isa = PBXGroup;
			children = (
				D2AAC07E0554694100DB518D /* libComBfTiMediaPicker.a */,
			);
			name = Products;
			sourceTree = "<group>";
		};
		0867D691FE84028FC02AAC07 /* TiMediaPicker */ = {
			isa = PBXGroup;
			children = (
				E1AD99431D588DAA001D983F /* PureLayout */,
				E1AD98B71D588D87001D983F /* CTAssetsPickerController */,
				08FB77AEFE84172EC02AAC07 /* Classes */,
				32C88DFF0371C24200C91783 /* Other Sources */,
				0867D69AFE84028FC02AAC07 /* Frameworks */,
				034768DFFF38A50411DB9C8B /* Products */,
			);
			name = TiMediaPicker;
			sourceTree = "<group>";
		};
		0867D69AFE84028FC02AAC07 /* Frameworks */ = {
			isa = PBXGroup;
			children = (
				AACBBE490F95108600F1A2B1 /* Foundation.framework */,
			);
			name = Frameworks;
			sourceTree = "<group>";
		};
		08FB77AEFE84172EC02AAC07 /* Classes */ = {
			isa = PBXGroup;
			children = (
				24DE9E0F11C5FE74003F90F6 /* ComBfTiMediaPickerModuleAssets.h */,
				24DE9E1011C5FE74003F90F6 /* ComBfTiMediaPickerModuleAssets.m */,
				24DD6CF71134B3F500162E58 /* ComBfTiMediaPickerModule.h */,
				24DD6CF81134B3F500162E58 /* ComBfTiMediaPickerModule.m */,
			);
			name = Classes;
			sourceTree = "<group>";
		};
		32C88DFF0371C24200C91783 /* Other Sources */ = {
			isa = PBXGroup;
			children = (
				AA747D9E0F9514B9006C5449 /* ComBfTiMediaPicker_Prefix.pch */,
				24DD6D1B1134B66800162E58 /* titanium.xcconfig */,
			);
			name = "Other Sources";
			sourceTree = "<group>";
		};
		E1AD98B71D588D87001D983F /* CTAssetsPickerController */ = {
			isa = PBXGroup;
			children = (
				E1AD98B81D588D87001D983F /* Categories */,
				E1AD98CD1D588D87001D983F /* CTAssetCheckmark.h */,
				E1AD98CE1D588D87001D983F /* CTAssetCheckmark.m */,
				E1AD98CF1D588D87001D983F /* CTAssetCollectionViewCell.h */,
				E1AD98D01D588D87001D983F /* CTAssetCollectionViewCell.m */,
				E1AD98D11D588D87001D983F /* CTAssetCollectionViewController.h */,
				E1AD98D21D588D87001D983F /* CTAssetCollectionViewController.m */,
				E1AD98D31D588D87001D983F /* CTAssetItemViewController.h */,
				E1AD98D41D588D87001D983F /* CTAssetItemViewController.m */,
				E1AD98D51D588D87001D983F /* CTAssetPlayButton.h */,
				E1AD98D61D588D87001D983F /* CTAssetPlayButton.m */,
				E1AD98D71D588D87001D983F /* CTAssetScrollView.h */,
				E1AD98D81D588D87001D983F /* CTAssetScrollView.m */,
				E1AD98D91D588D87001D983F /* CTAssetSelectionButton.h */,
				E1AD98DA1D588D87001D983F /* CTAssetSelectionButton.m */,
				E1AD98DB1D588D87001D983F /* CTAssetSelectionLabel.h */,
				E1AD98DC1D588D87001D983F /* CTAssetSelectionLabel.m */,
				E1AD98DD1D588D87001D983F /* CTAssetsGridSelectedView.h */,
				E1AD98DE1D588D87001D983F /* CTAssetsGridSelectedView.m */,
				E1AD98DF1D588D87001D983F /* CTAssetsGridView.h */,
				E1AD98E01D588D87001D983F /* CTAssetsGridView.m */,
				E1AD98E11D588D87001D983F /* CTAssetsGridViewCell.h */,
				E1AD98E21D588D87001D983F /* CTAssetsGridViewCell.m */,
				E1AD98E31D588D87001D983F /* CTAssetsGridViewController.h */,
				E1AD98E41D588D87001D983F /* CTAssetsGridViewController.m */,
				E1AD98E51D588D87001D983F /* CTAssetsGridViewFooter.h */,
				E1AD98E61D588D87001D983F /* CTAssetsGridViewFooter.m */,
				E1AD98E71D588D87001D983F /* CTAssetsGridViewLayout.h */,
				E1AD98E81D588D87001D983F /* CTAssetsGridViewLayout.m */,
				E1AD98E91D588D87001D983F /* CTAssetsNavigationController.h */,
				E1AD98EA1D588D87001D983F /* CTAssetsNavigationController.m */,
				E1AD98EB1D588D87001D983F /* CTAssetsPageView.h */,
				E1AD98EC1D588D87001D983F /* CTAssetsPageView.m */,
				E1AD98ED1D588D87001D983F /* CTAssetsPageViewController.h */,
				E1AD98EE1D588D87001D983F /* CTAssetsPageViewController.m */,
				E1AD98EF1D588D87001D983F /* CTAssetsPickerAccessDeniedView.h */,
				E1AD98F01D588D87001D983F /* CTAssetsPickerAccessDeniedView.m */,
				E1AD98F11D588D87001D983F /* CTAssetsPickerController.h */,
				E1AD98F21D588D87001D983F /* CTAssetsPickerController.m */,
				E1AD98F31D588D87001D983F /* CTAssetsPickerDefines.h */,
				E1AD98F41D588D87001D983F /* CTAssetsPickerNoAssetsView.h */,
				E1AD98F51D588D87001D983F /* CTAssetsPickerNoAssetsView.m */,
				E1AD98F61D588D87001D983F /* CTAssetsViewControllerTransition.h */,
				E1AD98F71D588D87001D983F /* CTAssetsViewControllerTransition.m */,
				E1AD98F81D588D87001D983F /* CTAssetThumbnailOverlay.h */,
				E1AD98F91D588D87001D983F /* CTAssetThumbnailOverlay.m */,
				E1AD98FA1D588D87001D983F /* CTAssetThumbnailStacks.h */,
				E1AD98FB1D588D87001D983F /* CTAssetThumbnailStacks.m */,
				E1AD98FC1D588D87001D983F /* CTAssetThumbnailView.h */,
				E1AD98FD1D588D87001D983F /* CTAssetThumbnailView.m */,
			);
			path = CTAssetsPickerController;
			sourceTree = "<group>";
		};
		E1AD98B81D588D87001D983F /* Categories */ = {
			isa = PBXGroup;
			children = (
				E1AD98B91D588D87001D983F /* CTAssetsPageViewController+Internal.h */,
				E1AD98BA1D588D87001D983F /* CTAssetsPickerController+Internal.h */,
				E1AD98BB1D588D87001D983F /* NSBundle+CTAssetsPickerController.h */,
				E1AD98BC1D588D87001D983F /* NSBundle+CTAssetsPickerController.m */,
				E1AD98BD1D588D87001D983F /* NSDateFormatter+CTAssetsPickerController.h */,
				E1AD98BE1D588D87001D983F /* NSDateFormatter+CTAssetsPickerController.m */,
				E1AD98BF1D588D87001D983F /* NSIndexSet+CTAssetsPickerController.h */,
				E1AD98C01D588D87001D983F /* NSIndexSet+CTAssetsPickerController.m */,
				E1AD98C11D588D87001D983F /* NSNumberFormatter+CTAssetsPickerController.h */,
				E1AD98C21D588D87001D983F /* NSNumberFormatter+CTAssetsPickerController.m */,
				E1AD98C31D588D87001D983F /* PHAsset+CTAssetsPickerController.h */,
				E1AD98C41D588D87001D983F /* PHAsset+CTAssetsPickerController.m */,
				E1AD98C51D588D87001D983F /* PHAssetCollection+CTAssetsPickerController.h */,
				E1AD98C61D588D87001D983F /* PHAssetCollection+CTAssetsPickerController.m */,
				E1AD98C71D588D87001D983F /* PHImageManager+CTAssetsPickerController.h */,
				E1AD98C81D588D87001D983F /* PHImageManager+CTAssetsPickerController.m */,
				E1AD98C91D588D87001D983F /* UICollectionView+CTAssetsPickerController.h */,
				E1AD98CA1D588D87001D983F /* UICollectionView+CTAssetsPickerController.m */,
				E1AD98CB1D588D87001D983F /* UIImage+CTAssetsPickerController.h */,
				E1AD98CC1D588D87001D983F /* UIImage+CTAssetsPickerController.m */,
			);
			path = Categories;
			sourceTree = "<group>";
		};
		E1AD99431D588DAA001D983F /* PureLayout */ = {
			isa = PBXGroup;
			children = (
				E1AD99441D588DAA001D983F /* ALView+PureLayout.h */,
				E1AD99451D588DAA001D983F /* ALView+PureLayout.m */,
				E1AD99461D588DAA001D983F /* NSArray+PureLayout.h */,
				E1AD99471D588DAA001D983F /* NSArray+PureLayout.m */,
				E1AD99481D588DAA001D983F /* NSLayoutConstraint+PureLayout.h */,
				E1AD99491D588DAA001D983F /* NSLayoutConstraint+PureLayout.m */,
				E1AD994A1D588DAA001D983F /* PureLayout+Internal.h */,
				E1AD994B1D588DAA001D983F /* PureLayout.h */,
				E1AD994C1D588DAA001D983F /* PureLayoutDefines.h */,
			);
			path = PureLayout;
			sourceTree = "<group>";
		};
/* End PBXGroup section */

/* Begin PBXHeadersBuildPhase section */
		D2AAC07A0554694100DB518D /* Headers */ = {
			isa = PBXHeadersBuildPhase;
			buildActionMask = 2147483647;
			files = (
				E1AD99301D588D87001D983F /* CTAssetsPageView.h in Headers */,
				AA747D9F0F9514B9006C5449 /* ComBfTiMediaPicker_Prefix.pch in Headers */,
				E1AD99061D588D87001D983F /* NSNumberFormatter+CTAssetsPickerController.h in Headers */,
				E1AD99181D588D87001D983F /* CTAssetItemViewController.h in Headers */,
				E1AD99531D588DAA001D983F /* PureLayout+Internal.h in Headers */,
				E1AD99261D588D87001D983F /* CTAssetsGridViewCell.h in Headers */,
				E1AD99241D588D87001D983F /* CTAssetsGridView.h in Headers */,
				E1AD99101D588D87001D983F /* UIImage+CTAssetsPickerController.h in Headers */,
				E1AD99221D588D87001D983F /* CTAssetsGridSelectedView.h in Headers */,
				E1AD99341D588D87001D983F /* CTAssetsPickerAccessDeniedView.h in Headers */,
				E1AD98FE1D588D87001D983F /* CTAssetsPageViewController+Internal.h in Headers */,
				E1AD98FF1D588D87001D983F /* CTAssetsPickerController+Internal.h in Headers */,
				E1AD99541D588DAA001D983F /* PureLayout.h in Headers */,
				E1AD99281D588D87001D983F /* CTAssetsGridViewController.h in Headers */,
				E1AD991C1D588D87001D983F /* CTAssetScrollView.h in Headers */,
				E1AD991A1D588D87001D983F /* CTAssetPlayButton.h in Headers */,
				E1AD99411D588D87001D983F /* CTAssetThumbnailView.h in Headers */,
				E1AD993F1D588D87001D983F /* CTAssetThumbnailStacks.h in Headers */,
				E1AD990A1D588D87001D983F /* PHAssetCollection+CTAssetsPickerController.h in Headers */,
				E1AD992A1D588D87001D983F /* CTAssetsGridViewFooter.h in Headers */,
				E1AD99001D588D87001D983F /* NSBundle+CTAssetsPickerController.h in Headers */,
				24DD6CF91134B3F500162E58 /* ComBfTiMediaPickerModule.h in Headers */,
				E1AD99511D588DAA001D983F /* NSLayoutConstraint+PureLayout.h in Headers */,
				E1AD99121D588D87001D983F /* CTAssetCheckmark.h in Headers */,
				E1AD99391D588D87001D983F /* CTAssetsPickerNoAssetsView.h in Headers */,
				E1AD99551D588DAA001D983F /* PureLayoutDefines.h in Headers */,
				E1AD99321D588D87001D983F /* CTAssetsPageViewController.h in Headers */,
				24DE9E1111C5FE74003F90F6 /* ComBfTiMediaPickerModuleAssets.h in Headers */,
				E1AD990C1D588D87001D983F /* PHImageManager+CTAssetsPickerController.h in Headers */,
				E1AD99021D588D87001D983F /* NSDateFormatter+CTAssetsPickerController.h in Headers */,
				E1AD99161D588D87001D983F /* CTAssetCollectionViewController.h in Headers */,
				E1AD990E1D588D87001D983F /* UICollectionView+CTAssetsPickerController.h in Headers */,
				E1AD99041D588D87001D983F /* NSIndexSet+CTAssetsPickerController.h in Headers */,
				E1AD99361D588D87001D983F /* CTAssetsPickerController.h in Headers */,
				E1AD994F1D588DAA001D983F /* NSArray+PureLayout.h in Headers */,
				E1AD993B1D588D87001D983F /* CTAssetsViewControllerTransition.h in Headers */,
				E1AD992E1D588D87001D983F /* CTAssetsNavigationController.h in Headers */,
				E1AD993D1D588D87001D983F /* CTAssetThumbnailOverlay.h in Headers */,
				E1AD99081D588D87001D983F /* PHAsset+CTAssetsPickerController.h in Headers */,
				E1AD99381D588D87001D983F /* CTAssetsPickerDefines.h in Headers */,
				E1AD991E1D588D87001D983F /* CTAssetSelectionButton.h in Headers */,
				E1AD99201D588D87001D983F /* CTAssetSelectionLabel.h in Headers */,
				E1AD99141D588D87001D983F /* CTAssetCollectionViewCell.h in Headers */,
				E1AD994D1D588DAA001D983F /* ALView+PureLayout.h in Headers */,
				E1AD992C1D588D87001D983F /* CTAssetsGridViewLayout.h in Headers */,
			);
			runOnlyForDeploymentPostprocessing = 0;
		};
/* End PBXHeadersBuildPhase section */

/* Begin PBXNativeTarget section */
		D2AAC07D0554694100DB518D /* TiMediaPicker */ = {
			isa = PBXNativeTarget;
			buildConfigurationList = 1DEB921E08733DC00010E9CD /* Build configuration list for PBXNativeTarget "TiMediaPicker" */;
			buildPhases = (
				D2AAC07A0554694100DB518D /* Headers */,
				D2AAC07B0554694100DB518D /* Sources */,
				D2AAC07C0554694100DB518D /* Frameworks */,
			);
			buildRules = (
			);
			dependencies = (
			);
			name = TiMediaPicker;
			productName = TiMediaPicker;
			productReference = D2AAC07E0554694100DB518D /* libComBfTiMediaPicker.a */;
			productType = "com.apple.product-type.library.static";
		};
/* End PBXNativeTarget section */

/* Begin PBXProject section */
		0867D690FE84028FC02AAC07 /* Project object */ = {
			isa = PBXProject;
			attributes = {
				LastUpgradeCheck = 0730;
			};
			buildConfigurationList = 1DEB922208733DC00010E9CD /* Build configuration list for PBXProject "TiMediaPicker" */;
			compatibilityVersion = "Xcode 3.2";
			developmentRegion = English;
			hasScannedForEncodings = 1;
			knownRegions = (
				English,
				Japanese,
				French,
				German,
			);
			mainGroup = 0867D691FE84028FC02AAC07 /* TiMediaPicker */;
			productRefGroup = 034768DFFF38A50411DB9C8B /* Products */;
			projectDirPath = "";
			projectRoot = "";
			targets = (
				D2AAC07D0554694100DB518D /* TiMediaPicker */,
				24416B8111C4CA220047AFDD /* Build & Test */,
			);
		};
/* End PBXProject section */

/* Begin PBXShellScriptBuildPhase section */
		24416B8011C4CA220047AFDD /* ShellScript */ = {
			isa = PBXShellScriptBuildPhase;
			buildActionMask = 2147483647;
			files = (
			);
			inputPaths = (
			);
			outputPaths = (
			);
			runOnlyForDeploymentPostprocessing = 0;
			shellPath = /bin/sh;
			shellScript = "# shell script goes here\n\npython \"${TITANIUM_SDK}/titanium.py\" run --dir=\"${PROJECT_DIR}\"\nexit $?\n";
		};
/* End PBXShellScriptBuildPhase section */

/* Begin PBXSourcesBuildPhase section */
		D2AAC07B0554694100DB518D /* Sources */ = {
			isa = PBXSourcesBuildPhase;
			buildActionMask = 2147483647;
			files = (
				E1AD99011D588D87001D983F /* NSBundle+CTAssetsPickerController.m in Sources */,
				E1AD992D1D588D87001D983F /* CTAssetsGridViewLayout.m in Sources */,
				E1AD99421D588D87001D983F /* CTAssetThumbnailView.m in Sources */,
				E1AD99231D588D87001D983F /* CTAssetsGridSelectedView.m in Sources */,
				E1AD993E1D588D87001D983F /* CTAssetThumbnailOverlay.m in Sources */,
				E1AD99371D588D87001D983F /* CTAssetsPickerController.m in Sources */,
				24DD6CFA1134B3F500162E58 /* ComBfTiMediaPickerModule.m in Sources */,
				E1AD993A1D588D87001D983F /* CTAssetsPickerNoAssetsView.m in Sources */,
				E1AD99311D588D87001D983F /* CTAssetsPageView.m in Sources */,
				E1AD991D1D588D87001D983F /* CTAssetScrollView.m in Sources */,
				E1AD990F1D588D87001D983F /* UICollectionView+CTAssetsPickerController.m in Sources */,
				E1AD992B1D588D87001D983F /* CTAssetsGridViewFooter.m in Sources */,
				E1AD99401D588D87001D983F /* CTAssetThumbnailStacks.m in Sources */,
				E1AD99521D588DAA001D983F /* NSLayoutConstraint+PureLayout.m in Sources */,
				E1AD99111D588D87001D983F /* UIImage+CTAssetsPickerController.m in Sources */,
				E1AD99171D588D87001D983F /* CTAssetCollectionViewController.m in Sources */,
				E1AD990B1D588D87001D983F /* PHAssetCollection+CTAssetsPickerController.m in Sources */,
				E1AD99071D588D87001D983F /* NSNumberFormatter+CTAssetsPickerController.m in Sources */,
				E1AD99291D588D87001D983F /* CTAssetsGridViewController.m in Sources */,
				E1AD99331D588D87001D983F /* CTAssetsPageViewController.m in Sources */,
				E1AD991B1D588D87001D983F /* CTAssetPlayButton.m in Sources */,
				E1AD99351D588D87001D983F /* CTAssetsPickerAccessDeniedView.m in Sources */,
				E1AD99251D588D87001D983F /* CTAssetsGridView.m in Sources */,
				E1AD99051D588D87001D983F /* NSIndexSet+CTAssetsPickerController.m in Sources */,
				E1AD99271D588D87001D983F /* CTAssetsGridViewCell.m in Sources */,
				E1AD993C1D588D87001D983F /* CTAssetsViewControllerTransition.m in Sources */,
				E1AD99191D588D87001D983F /* CTAssetItemViewController.m in Sources */,
				E1AD99091D588D87001D983F /* PHAsset+CTAssetsPickerController.m in Sources */,
				24DE9E1211C5FE74003F90F6 /* ComBfTiMediaPickerModuleAssets.m in Sources */,
				E1AD992F1D588D87001D983F /* CTAssetsNavigationController.m in Sources */,
				E1AD99211D588D87001D983F /* CTAssetSelectionLabel.m in Sources */,
				E1AD99131D588D87001D983F /* CTAssetCheckmark.m in Sources */,
				E1AD99501D588DAA001D983F /* NSArray+PureLayout.m in Sources */,
				E1AD994E1D588DAA001D983F /* ALView+PureLayout.m in Sources */,
				E1AD991F1D588D87001D983F /* CTAssetSelectionButton.m in Sources */,
				E1AD99031D588D87001D983F /* NSDateFormatter+CTAssetsPickerController.m in Sources */,
				E1AD99151D588D87001D983F /* CTAssetCollectionViewCell.m in Sources */,
				E1AD990D1D588D87001D983F /* PHImageManager+CTAssetsPickerController.m in Sources */,
			);
			runOnlyForDeploymentPostprocessing = 0;
		};
/* End PBXSourcesBuildPhase section */

/* Begin PBXTargetDependency section */
		24416B8511C4CA280047AFDD /* PBXTargetDependency */ = {
			isa = PBXTargetDependency;
			target = D2AAC07D0554694100DB518D /* TiMediaPicker */;
			targetProxy = 24416B8411C4CA280047AFDD /* PBXContainerItemProxy */;
		};
/* End PBXTargetDependency section */

/* Begin XCBuildConfiguration section */
		1DEB921F08733DC00010E9CD /* Debug */ = {
			isa = XCBuildConfiguration;
			baseConfigurationReference = 24DD6D1B1134B66800162E58 /* titanium.xcconfig */;
			buildSettings = {
				CLANG_ENABLE_OBJC_ARC = YES;
				CODE_SIGN_IDENTITY = "iPhone Developer";
				"CODE_SIGN_IDENTITY[sdk=iphoneos*]" = "iPhone Developer";
				DSTROOT = /tmp/ComBfTiMediaPicker.dst;
				GCC_C_LANGUAGE_STANDARD = c99;
				GCC_OPTIMIZATION_LEVEL = 0;
				GCC_PRECOMPILE_PREFIX_HEADER = YES;
				GCC_PREFIX_HEADER = ComBfTiMediaPicker_Prefix.pch;
				GCC_PREPROCESSOR_DEFINITIONS = "TI_VERSION=$(TI_VERSION)";
				GCC_TREAT_WARNINGS_AS_ERRORS = NO;
				GCC_VERSION = "";
				GCC_WARN_ABOUT_RETURN_TYPE = NO;
				GCC_WARN_MISSING_PARENTHESES = NO;
				GCC_WARN_SHADOW = NO;
				GCC_WARN_STRICT_SELECTOR_MATCH = NO;
				GCC_WARN_UNUSED_FUNCTION = YES;
				GCC_WARN_UNUSED_PARAMETER = NO;
				GCC_WARN_UNUSED_VALUE = NO;
				GCC_WARN_UNUSED_VARIABLE = NO;
				INSTALL_PATH = /usr/local/lib;
				IPHONEOS_DEPLOYMENT_TARGET = 6.0;
				LIBRARY_SEARCH_PATHS = "";
				OTHER_CFLAGS = (
					"-DDEBUG",
					"-DTI_POST_1_2",
				);
				OTHER_LDFLAGS = "-ObjC";
				PRODUCT_NAME = ComBfTiMediaPicker;
				PROVISIONING_PROFILE = "";
				"PROVISIONING_PROFILE[sdk=iphoneos*]" = "";
				RUN_CLANG_STATIC_ANALYZER = NO;
				SDKROOT = iphoneos;
				USER_HEADER_SEARCH_PATHS = "";
			};
			name = Debug;
		};
		1DEB922008733DC00010E9CD /* Release */ = {
			isa = XCBuildConfiguration;
			baseConfigurationReference = 24DD6D1B1134B66800162E58 /* titanium.xcconfig */;
			buildSettings = {
				ALWAYS_SEARCH_USER_PATHS = NO;
				CLANG_ENABLE_OBJC_ARC = YES;
				DSTROOT = /tmp/ComBfTiMediaPicker.dst;
				GCC_C_LANGUAGE_STANDARD = c99;
				GCC_MODEL_TUNING = G5;
				GCC_PRECOMPILE_PREFIX_HEADER = YES;
				GCC_PREFIX_HEADER = ComBfTiMediaPicker_Prefix.pch;
				GCC_PREPROCESSOR_DEFINITIONS = "TI_VERSION=$(TI_VERSION)";
				GCC_TREAT_WARNINGS_AS_ERRORS = NO;
				GCC_VERSION = "";
				GCC_WARN_ABOUT_RETURN_TYPE = NO;
				GCC_WARN_MISSING_PARENTHESES = NO;
				GCC_WARN_SHADOW = NO;
				GCC_WARN_STRICT_SELECTOR_MATCH = NO;
				GCC_WARN_UNUSED_FUNCTION = YES;
				GCC_WARN_UNUSED_PARAMETER = NO;
				GCC_WARN_UNUSED_VALUE = NO;
				GCC_WARN_UNUSED_VARIABLE = NO;
				INSTALL_PATH = /usr/local/lib;
				IPHONEOS_DEPLOYMENT_TARGET = 6.0;
				LIBRARY_SEARCH_PATHS = "";
				OTHER_CFLAGS = "-DTI_POST_1_2";
				OTHER_LDFLAGS = "-ObjC";
				PRODUCT_NAME = ComBfTiMediaPicker;
				RUN_CLANG_STATIC_ANALYZER = NO;
				SDKROOT = iphoneos;
				USER_HEADER_SEARCH_PATHS = "";
			};
			name = Release;
		};
		1DEB922308733DC00010E9CD /* Debug */ = {
			isa = XCBuildConfiguration;
			baseConfigurationReference = 24DD6D1B1134B66800162E58 /* titanium.xcconfig */;
			buildSettings = {
				CLANG_CXX_LIBRARY = "libstdc++";
				CODE_SIGN_IDENTITY = "iPhone Developer";
				"CODE_SIGN_IDENTITY[sdk=iphoneos*]" = "iPhone Developer";
				DSTROOT = /tmp/ComBfTiMediaPicker.dst;
				ENABLE_TESTABILITY = YES;
				GCC_C_LANGUAGE_STANDARD = c99;
				GCC_OPTIMIZATION_LEVEL = 0;
				GCC_PRECOMPILE_PREFIX_HEADER = YES;
				GCC_PREFIX_HEADER = ComBfTiMediaPicker_Prefix.pch;
				GCC_PREPROCESSOR_DEFINITIONS = "TI_VERSION=$(TI_VERSION)";
				GCC_TREAT_WARNINGS_AS_ERRORS = NO;
				GCC_VERSION = "";
				GCC_WARN_ABOUT_RETURN_TYPE = NO;
				GCC_WARN_MISSING_PARENTHESES = NO;
				GCC_WARN_SHADOW = NO;
				GCC_WARN_STRICT_SELECTOR_MATCH = NO;
				GCC_WARN_UNUSED_FUNCTION = YES;
				GCC_WARN_UNUSED_PARAMETER = NO;
				GCC_WARN_UNUSED_VALUE = NO;
				GCC_WARN_UNUSED_VARIABLE = NO;
				INSTALL_PATH = /usr/local/lib;
				ONLY_ACTIVE_ARCH = YES;
				OTHER_CFLAGS = (
					"-DDEBUG",
					"-DTI_POST_1_2",
				);
				OTHER_LDFLAGS = "-ObjC";
				PRODUCT_NAME = ComBfTiMediaPicker;
				PROVISIONING_PROFILE = "";
				"PROVISIONING_PROFILE[sdk=iphoneos*]" = "";
				RUN_CLANG_STATIC_ANALYZER = NO;
				SDKROOT = iphoneos;
				USER_HEADER_SEARCH_PATHS = "";
			};
			name = Debug;
		};
		1DEB922408733DC00010E9CD /* Release */ = {
			isa = XCBuildConfiguration;
			baseConfigurationReference = 24DD6D1B1134B66800162E58 /* titanium.xcconfig */;
			buildSettings = {
				ALWAYS_SEARCH_USER_PATHS = NO;
				CLANG_CXX_LIBRARY = "libstdc++";
				DSTROOT = /tmp/ComBfTiMediaPicker.dst;
				GCC_C_LANGUAGE_STANDARD = c99;
				GCC_MODEL_TUNING = G5;
				GCC_PRECOMPILE_PREFIX_HEADER = YES;
				GCC_PREFIX_HEADER = ComBfTiMediaPicker_Prefix.pch;
				GCC_PREPROCESSOR_DEFINITIONS = "TI_VERSION=$(TI_VERSION)";
				GCC_TREAT_WARNINGS_AS_ERRORS = NO;
				GCC_VERSION = "";
				GCC_WARN_ABOUT_RETURN_TYPE = NO;
				GCC_WARN_MISSING_PARENTHESES = NO;
				GCC_WARN_SHADOW = NO;
				GCC_WARN_STRICT_SELECTOR_MATCH = NO;
				GCC_WARN_UNUSED_FUNCTION = YES;
				GCC_WARN_UNUSED_PARAMETER = NO;
				GCC_WARN_UNUSED_VALUE = NO;
				GCC_WARN_UNUSED_VARIABLE = NO;
				INSTALL_PATH = /usr/local/lib;
				IPHONEOS_DEPLOYMENT_TARGET = 6.0;
				OTHER_CFLAGS = "-DTI_POST_1_2";
				OTHER_LDFLAGS = "-ObjC";
				PRODUCT_NAME = ComBfTiMediaPicker;
				RUN_CLANG_STATIC_ANALYZER = NO;
				SDKROOT = iphoneos;
				USER_HEADER_SEARCH_PATHS = "";
			};
			name = Release;
		};
		24416B8211C4CA220047AFDD /* Debug */ = {
			isa = XCBuildConfiguration;
			baseConfigurationReference = 24DD6D1B1134B66800162E58 /* titanium.xcconfig */;
			buildSettings = {
				COPY_PHASE_STRIP = NO;
				GCC_DYNAMIC_NO_PIC = NO;
				GCC_OPTIMIZATION_LEVEL = 0;
				PRODUCT_NAME = "Build & test";
			};
			name = Debug;
		};
		24416B8311C4CA220047AFDD /* Release */ = {
			isa = XCBuildConfiguration;
			baseConfigurationReference = 24DD6D1B1134B66800162E58 /* titanium.xcconfig */;
			buildSettings = {
				COPY_PHASE_STRIP = YES;
				DEBUG_INFORMATION_FORMAT = "dwarf-with-dsym";
				GCC_ENABLE_FIX_AND_CONTINUE = NO;
				PRODUCT_NAME = "Build & test";
				ZERO_LINK = NO;
			};
			name = Release;
		};
/* End XCBuildConfiguration section */

/* Begin XCConfigurationList section */
		1DEB921E08733DC00010E9CD /* Build configuration list for PBXNativeTarget "TiMediaPicker" */ = {
			isa = XCConfigurationList;
			buildConfigurations = (
				1DEB921F08733DC00010E9CD /* Debug */,
				1DEB922008733DC00010E9CD /* Release */,
			);
			defaultConfigurationIsVisible = 0;
			defaultConfigurationName = Release;
		};
		1DEB922208733DC00010E9CD /* Build configuration list for PBXProject "TiMediaPicker" */ = {
			isa = XCConfigurationList;
			buildConfigurations = (
				1DEB922308733DC00010E9CD /* Debug */,
				1DEB922408733DC00010E9CD /* Release */,
			);
			defaultConfigurationIsVisible = 0;
			defaultConfigurationName = Release;
		};
		24416B8A11C4CA520047AFDD /* Build configuration list for PBXAggregateTarget "Build & Test" */ = {
			isa = XCConfigurationList;
			buildConfigurations = (
				24416B8211C4CA220047AFDD /* Debug */,
				24416B8311C4CA220047AFDD /* Release */,
			);
			defaultConfigurationIsVisible = 0;
			defaultConfigurationName = Release;
		};
/* End XCConfigurationList section */
	};
	rootObject = 0867D690FE84028FC02AAC07 /* Project object */;
}
